
Microsoft Visual Studio Solution File, Format Version 12.00
# Visual Studio Version 17
VisualStudioVersion = 17.0.32014.148
MinimumVisualStudioVersion = 10.0.40219.1
Project("{8BC9CEB8-8B4A-11D0-8D11-00A0C91BC942}") = "HR_2", "HR_2\HR_2.vcxproj", "{DC2BEED9-64FE-4FA6-8E1B-E4EC8734658D}"
EndProject
Global
	GlobalSection(SolutionConfigurationPlatforms) = preSolution
		Debug|x64 = Debug|x64
		Debug|x86 = Debug|x86
		Release|x64 = Release|x64
		Release|x86 = Release|x86
	EndGlobalSection
	GlobalSection(ProjectConfigurationPlatforms) = postSolution
		{DC2BEED9-64FE-4FA6-8E1B-E4EC8734658D}.Debug|x64.ActiveCfg = Debug|x64
		{DC2BEED9-64FE-4FA6-8E1B-E4EC8734658D}.Debug|x64.Build.0 = Debug|x64
		{DC2BEED9-64FE-4FA6-8E1B-E4EC8734658D}.Debug|x86.ActiveCfg = Debug|Win32
		{DC2BEED9-64FE-4FA6-8E1B-E4EC8734658D}.Debug|x86.Build.0 = Debug|Win32
		{DC2BEED9-64FE-4FA6-8E1B-E4EC8734658D}.Release|x64.ActiveCfg = Release|x64
		{DC2BEED9-64FE-4FA6-8E1B-E4EC8734658D}.Release|x64.Build.0 = Release|x64
		{DC2BEED9-64FE-4FA6-8E1B-E4EC8734658D}.Release|x86.ActiveCfg = Release|Win32
		{DC2BEED9-64FE-4FA6-8E1B-E4EC8734658D}.Release|x86.Build.0 = Release|Win32
	EndGlobalSection
	GlobalSection(SolutionProperties) = preSolution
		HideSolutionNode = FALSE
	EndGlobalSection
	GlobalSection(ExtensibilityGlobals) = postSolution
		SolutionGuid = {DC2AFA68-C815-45A8-8329-2475306E0D36}
	EndGlobalSection
EndGlobal
